
Microsoft Visual Studio Solution File, Format Version 12.00
# Visual Studio Version 16
VisualStudioVersion = 16.0.29001.49
MinimumVisualStudioVersion = 10.0.40219.1
Project("{FAE04EC0-301F-11D3-BF4B-00C04F79EFBC}") = "Supplier.Data", "Supplier.Data\Supplier.Data.csproj", "{EF6EDD7E-3106-4F11-B5DE-DCC254C1C718}"
EndProject
Project("{FAE04EC0-301F-11D3-BF4B-00C04F79EFBC}") = "Supplier.Service", "Supplier.Service\Supplier.Service.csproj", "{AC51C22B-D76A-4ECA-8C8D-B55CD210AB8F}"
EndProject
Project("{FAE04EC0-301F-11D3-BF4B-00C04F79EFBC}") = "Supplier.WebApi", "Supplier.WebApi\Supplier.WebApi.csproj", "{6315C0BD-FCB1-4466-A4DF-C3060759778B}"
EndProject
Global
	GlobalSection(SolutionConfigurationPlatforms) = preSolution
		Debug|Any CPU = Debug|Any CPU
		Release|Any CPU = Release|Any CPU
	EndGlobalSection
	GlobalSection(ProjectConfigurationPlatforms) = postSolution
		{EF6EDD7E-3106-4F11-B5DE-DCC254C1C718}.Debug|Any CPU.ActiveCfg = Debug|Any CPU
		{EF6EDD7E-3106-4F11-B5DE-DCC254C1C718}.Debug|Any CPU.Build.0 = Debug|Any CPU
		{EF6EDD7E-3106-4F11-B5DE-DCC254C1C718}.Release|Any CPU.ActiveCfg = Release|Any CPU
		{EF6EDD7E-3106-4F11-B5DE-DCC254C1C718}.Release|Any CPU.Build.0 = Release|Any CPU
		{AC51C22B-D76A-4ECA-8C8D-B55CD210AB8F}.Debug|Any CPU.ActiveCfg = Debug|Any CPU
		{AC51C22B-D76A-4ECA-8C8D-B55CD210AB8F}.Debug|Any CPU.Build.0 = Debug|Any CPU
		{AC51C22B-D76A-4ECA-8C8D-B55CD210AB8F}.Release|Any CPU.ActiveCfg = Release|Any CPU
		{AC51C22B-D76A-4ECA-8C8D-B55CD210AB8F}.Release|Any CPU.Build.0 = Release|Any CPU
		{6315C0BD-FCB1-4466-A4DF-C3060759778B}.Debug|Any CPU.ActiveCfg = Debug|Any CPU
		{6315C0BD-FCB1-4466-A4DF-C3060759778B}.Debug|Any CPU.Build.0 = Debug|Any CPU
		{6315C0BD-FCB1-4466-A4DF-C3060759778B}.Release|Any CPU.ActiveCfg = Release|Any CPU
		{6315C0BD-FCB1-4466-A4DF-C3060759778B}.Release|Any CPU.Build.0 = Release|Any CPU
	EndGlobalSection
	GlobalSection(SolutionProperties) = preSolution
		HideSolutionNode = FALSE
	EndGlobalSection
	GlobalSection(ExtensibilityGlobals) = postSolution
		SolutionGuid = {D3612268-F895-4D99-8BE5-1A6AAA517E2D}
	EndGlobalSection
EndGlobal
